Microsoft Visual Studio Solution File, Format Version 12.00
# Visual Studio 14
VisualStudioVersion = 14.0.25420.1
MinimumVisualStudioVersion = 10.0.40219.1
Project("{FAE04EC0-301F-11D3-BF4B-00C04F79EFBC}") = "SeniorAssistance", "SeniorAssistance\SeniorAssistance.csproj", "{1AAFD458-CAF1-4950-87F6-B65DF89CDEAD}"
EndProject
Project("{FAE04EC0-301F-11D3-BF4B-00C04F79EFBC}") = "SeniorAssistance.iOS", "iOS\SeniorAssistance.iOS.csproj", "{4BF29DFE-A384-4BCF-A02F-263B6A0625C8}"
EndProject
Project("{FAE04EC0-301F-11D3-BF4B-00C04F79EFBC}") = "SeniorAssistance.Droid", "Droid\SeniorAssistance.Droid.csproj", "{34957094-B93E-4699-BDE5-BC56B070B75C}"
EndProject
Global
	GlobalSection(SolutionConfigurationPlatforms) = preSolution
		Debug|Any CPU = Debug|Any CPU
		Debug|iPhone = Debug|iPhone
		Debug|iPhoneSimulator = Debug|iPhoneSimulator
		Release|Any CPU = Release|Any CPU
		Release|iPhone = Release|iPhone
		Release|iPhoneSimulator = Release|iPhoneSimulator
	EndGlobalSection
	GlobalSection(ProjectConfigurationPlatforms) = postSolution
		{1AAFD458-CAF1-4950-87F6-B65DF89CDEAD}.Debug|Any CPU.ActiveCfg = Debug|Any CPU
		{1AAFD458-CAF1-4950-87F6-B65DF89CDEAD}.Debug|Any CPU.Build.0 = Debug|Any CPU
		{1AAFD458-CAF1-4950-87F6-B65DF89CDEAD}.Debug|iPhone.ActiveCfg = Debug|Any CPU
		{1AAFD458-CAF1-4950-87F6-B65DF89CDEAD}.Debug|iPhone.Build.0 = Debug|Any CPU
		{1AAFD458-CAF1-4950-87F6-B65DF89CDEAD}.Debug|iPhoneSimulator.ActiveCfg = Debug|Any CPU
		{1AAFD458-CAF1-4950-87F6-B65DF89CDEAD}.Debug|iPhoneSimulator.Build.0 = Debug|Any CPU
		{1AAFD458-CAF1-4950-87F6-B65DF89CDEAD}.Release|Any CPU.ActiveCfg = Release|Any CPU
		{1AAFD458-CAF1-4950-87F6-B65DF89CDEAD}.Release|Any CPU.Build.0 = Release|Any CPU
		{1AAFD458-CAF1-4950-87F6-B65DF89CDEAD}.Release|iPhone.ActiveCfg = Release|Any CPU
		{1AAFD458-CAF1-4950-87F6-B65DF89CDEAD}.Release|iPhone.Build.0 = Release|Any CPU
		{1AAFD458-CAF1-4950-87F6-B65DF89CDEAD}.Release|iPhoneSimulator.ActiveCfg = Release|Any CPU
		{1AAFD458-CAF1-4950-87F6-B65DF89CDEAD}.Release|iPhoneSimulator.Build.0 = Release|Any CPU
		{4BF29DFE-A384-4BCF-A02F-263B6A0625C8}.Debug|Any CPU.ActiveCfg = Debug|iPhoneSimulator
		{4BF29DFE-A384-4BCF-A02F-263B6A0625C8}.Debug|Any CPU.Build.0 = Debug|iPhoneSimulator
		{4BF29DFE-A384-4BCF-A02F-263B6A0625C8}.Debug|iPhone.ActiveCfg = Debug|iPhone
		{4BF29DFE-A384-4BCF-A02F-263B6A0625C8}.Debug|iPhone.Build.0 = Debug|iPhone
		{4BF29DFE-A384-4BCF-A02F-263B6A0625C8}.Debug|iPhoneSimulator.ActiveCfg = Debug|iPhoneSimulator
		{4BF29DFE-A384-4BCF-A02F-263B6A0625C8}.Debug|iPhoneSimulator.Build.0 = Debug|iPhoneSimulator
		{4BF29DFE-A384-4BCF-A02F-263B6A0625C8}.Release|Any CPU.ActiveCfg = Release|iPhone
		{4BF29DFE-A384-4BCF-A02F-263B6A0625C8}.Release|Any CPU.Build.0 = Release|iPhone
		{4BF29DFE-A384-4BCF-A02F-263B6A0625C8}.Release|iPhone.ActiveCfg = Release|iPhone
		{4BF29DFE-A384-4BCF-A02F-263B6A0625C8}.Release|iPhone.Build.0 = Release|iPhone
		{4BF29DFE-A384-4BCF-A02F-263B6A0625C8}.Release|iPhoneSimulator.ActiveCfg = Release|iPhoneSimulator
		{4BF29DFE-A384-4BCF-A02F-263B6A0625C8}.Release|iPhoneSimulator.Build.0 = Release|iPhoneSimulator
		{34957094-B93E-4699-BDE5-BC56B070B75C}.Debug|Any CPU.ActiveCfg = Debug|Any CPU
		{34957094-B93E-4699-BDE5-BC56B070B75C}.Debug|Any CPU.Build.0 = Debug|Any CPU
		{34957094-B93E-4699-BDE5-BC56B070B75C}.Debug|iPhone.ActiveCfg = Debug|Any CPU
		{34957094-B93E-4699-BDE5-BC56B070B75C}.Debug|iPhone.Build.0 = Debug|Any CPU
		{34957094-B93E-4699-BDE5-BC56B070B75C}.Debug|iPhoneSimulator.ActiveCfg = Debug|Any CPU
		{34957094-B93E-4699-BDE5-BC56B070B75C}.Debug|iPhoneSimulator.Build.0 = Debug|Any CPU
		{34957094-B93E-4699-BDE5-BC56B070B75C}.Release|Any CPU.ActiveCfg = Release|Any CPU
		{34957094-B93E-4699-BDE5-BC56B070B75C}.Release|Any CPU.Build.0 = Release|Any CPU
		{34957094-B93E-4699-BDE5-BC56B070B75C}.Release|Any CPU.Deploy.0 = Release|Any CPU
		{34957094-B93E-4699-BDE5-BC56B070B75C}.Release|iPhone.ActiveCfg = Release|Any CPU
		{34957094-B93E-4699-BDE5-BC56B070B75C}.Release|iPhone.Build.0 = Release|Any CPU
		{34957094-B93E-4699-BDE5-BC56B070B75C}.Release|iPhoneSimulator.ActiveCfg = Release|Any CPU
		{34957094-B93E-4699-BDE5-BC56B070B75C}.Release|iPhoneSimulator.Build.0 = Release|Any CPU
	EndGlobalSection
	GlobalSection(SolutionProperties) = preSolution
		HideSolutionNode = FALSE
	EndGlobalSection
EndGlobal
